
Microsoft Visual Studio Solution File, Format Version 12.00
# Visual Studio 15
VisualStudioVersion = 15.0.27428.2043
MinimumVisualStudioVersion = 10.0.40219.1
Project("{FAE04EC0-301F-11D3-BF4B-00C04F79EFBC}") = "AngularWithWebAPI", "AngularWithWebAPI\AngularWithWebAPI.csproj", "{D46A0446-A515-4519-A196-1CC5246082B8}"
EndProject
Global
	GlobalSection(SolutionConfigurationPlatforms) = preSolution
		Debug|Any CPU = Debug|Any CPU
		Release|Any CPU = Release|Any CPU
	EndGlobalSection
	GlobalSection(ProjectConfigurationPlatforms) = postSolution
		{D46A0446-A515-4519-A196-1CC5246082B8}.Debug|Any CPU.ActiveCfg = Debug|Any CPU
		{D46A0446-A515-4519-A196-1CC5246082B8}.Debug|Any CPU.Build.0 = Debug|Any CPU
		{D46A0446-A515-4519-A196-1CC5246082B8}.Release|Any CPU.ActiveCfg = Release|Any CPU
		{D46A0446-A515-4519-A196-1CC5246082B8}.Release|Any CPU.Build.0 = Release|Any CPU
	EndGlobalSection
	GlobalSection(SolutionProperties) = preSolution
		HideSolutionNode = FALSE
	EndGlobalSection
	GlobalSection(ExtensibilityGlobals) = postSolution
		SolutionGuid = {40109CB7-B9EF-4383-A374-11F82AEF751D}
	EndGlobalSection
EndGlobal
